
Microsoft Visual Studio Solution File, Format Version 12.00
# Visual Studio Version 18
VisualStudioVersion = 18.6.11822.322 stable
MinimumVisualStudioVersion = 10.0.40219.1
Project("{FAE04EC0-301F-11D3-BF4B-00C04F79EFBC}") = "VoiceScribe", "VoiceScribe.csproj", "{3DB16573-5817-9610-6C8A-B10FC214F38A}"
EndProject
Global
	GlobalSection(SolutionConfigurationPlatforms) = preSolution
		Debug|Any CPU = Debug|Any CPU
		Release|Any CPU = Release|Any CPU
	EndGlobalSection
	GlobalSection(ProjectConfigurationPlatforms) = postSolution
		{3DB16573-5817-9610-6C8A-B10FC214F38A}.Debug|Any CPU.ActiveCfg = Debug|Any CPU
		{3DB16573-5817-9610-6C8A-B10FC214F38A}.Debug|Any CPU.Build.0 = Debug|Any CPU
		{3DB16573-5817-9610-6C8A-B10FC214F38A}.Release|Any CPU.ActiveCfg = Release|Any CPU
		{3DB16573-5817-9610-6C8A-B10FC214F38A}.Release|Any CPU.Build.0 = Release|Any CPU
	EndGlobalSection
	GlobalSection(SolutionProperties) = preSolution
		HideSolutionNode = FALSE
	EndGlobalSection
	GlobalSection(ExtensibilityGlobals) = postSolution
		SolutionGuid = {055DE5DE-8D7B-4273-AB5F-0B76CA182602}
	EndGlobalSection
EndGlobal
